
Microsoft Visual Studio Solution File, Format Version 12.00
# Visual Studio 15
Project("{FAE04EC0-301F-11D3-BF4B-00C04F79EFBC}") = "Scanbot.Xamarin.SDK.Dependencies", "Scanbot.Xamarin.SDK.Dependencies\Scanbot.Xamarin.SDK.Dependencies.csproj", "{8AE48B58-9216-4CFA-AF86-F7F374104196}"
EndProject
Project("{FAE04EC0-301F-11D3-BF4B-00C04F79EFBC}") = "Scanbot.Xamarin.ApwLibrary", "Scanbot.Xamarin.ApwLibrary\Scanbot.Xamarin.ApwLibrary.csproj", "{6CE3BF18-C124-431C-BD3E-ECF202956934}"
EndProject
Project("{FAE04EC0-301F-11D3-BF4B-00C04F79EFBC}") = "Scanbot.MAUI.SDK.Dependencies", "Scanbot.MAUI.SDK.Dependencies\Scanbot.MAUI.SDK.Dependencies.csproj", "{66F7E013-B86B-447E-A5ED-939946EF784C}"
EndProject
Global
	GlobalSection(SolutionConfigurationPlatforms) = preSolution
		Debug|Any CPU = Debug|Any CPU
		Release|Any CPU = Release|Any CPU
	EndGlobalSection
	GlobalSection(ProjectConfigurationPlatforms) = postSolution
		{8AE48B58-9216-4CFA-AF86-F7F374104196}.Debug|Any CPU.ActiveCfg = Debug|Any CPU
		{8AE48B58-9216-4CFA-AF86-F7F374104196}.Debug|Any CPU.Build.0 = Debug|Any CPU
		{8AE48B58-9216-4CFA-AF86-F7F374104196}.Release|Any CPU.ActiveCfg = Release|Any CPU
		{8AE48B58-9216-4CFA-AF86-F7F374104196}.Release|Any CPU.Build.0 = Release|Any CPU
		{6CE3BF18-C124-431C-BD3E-ECF202956934}.Debug|Any CPU.ActiveCfg = Debug|Any CPU
		{6CE3BF18-C124-431C-BD3E-ECF202956934}.Debug|Any CPU.Build.0 = Debug|Any CPU
		{6CE3BF18-C124-431C-BD3E-ECF202956934}.Release|Any CPU.ActiveCfg = Release|Any CPU
		{6CE3BF18-C124-431C-BD3E-ECF202956934}.Release|Any CPU.Build.0 = Release|Any CPU
		{66F7E013-B86B-447E-A5ED-939946EF784C}.Debug|Any CPU.ActiveCfg = Debug|Any CPU
		{66F7E013-B86B-447E-A5ED-939946EF784C}.Debug|Any CPU.Build.0 = Debug|Any CPU
		{66F7E013-B86B-447E-A5ED-939946EF784C}.Release|Any CPU.ActiveCfg = Release|Any CPU
		{66F7E013-B86B-447E-A5ED-939946EF784C}.Release|Any CPU.Build.0 = Release|Any CPU
	EndGlobalSection
EndGlobal
